github.com/ahmetb/go-linq v3.0.0+incompatible/go.mod h1:PFffvbdbtw+QTB0WKRP0cNht7vnCfnGlEpak/DVg5cY=
github.com/bobwong89757/cellmesh v0.0.3 h1:V1IFfOkmdZacDHJyDrNSHSk19nZ6C1yQnzIBsN/6fsc=
github.com/bobwong89757/cellmesh v0.0.3/go.mod h1:32RS0/9oJkJlTJH11YUymQpt9+by5K9aentx7lerLMY=
github.com/bobwong89757/cellnet v0.0.5 h1:1FpJvYFBKzAaA1jfxYinLsBi/kLv5D+r6kIrHhFW//Q=
github.com/bobwong89757/cellnet v0.0.5/go.mod h1:do2bBktZ4CSaM7urXOcu+W0sQMzJyFeNqTTVg5Fmdp8=
github.com/bobwong89757/golexer v0.1.0 h1:wQB2sDtWhnmAxaOR73PYWM96Aq/Sq66zQwg2AwdDPB8=
github.com/bobwong89757/golexer v0.1.0/go.mod h1:fl5IIzV273ScYPF1lDgmKiQWQ0/KUO2B6OY75/CK5yI=
github.com/bobwong89757/golog v0.0.0-20181123013700-3a2ac0a8ba7c/go.mod h1:llAyBWiO/AWi3bS1nki/pVpDswqkvjyvnC6NwKXCeio=
github.com/bobwong89757/golog v0.0.0-20200325153011-d9ec9538657a h1:2tnPbSPY6B5KXerKdl7J//JYlu7kfhrhcN4fTWM+vZs=
github.com/bobwong89757/golog v0.0.0-20200325153011-d9ec9538657a/go.mod h1:lzdMDgWMti/n8gTxuc07c+gdaKJvrqPAOx32BYlJHe0=
github.com/bobwong89757/goobjfmt v0.1.0 h1:QplvSAyf081PXCliNKiuUqUQFbEYBAvd06BrvamJ4z4=
github.com/bobwong89757/goobjfmt v0.1.0/go.mod h1:F7M0gNJqg5cwLHYZs3UXOvhOxauoH2KaUNan3bNDW7c=
github.com/bobwong89757/pbmeta v0.0.2/go.mod h1:LXkdmN9zQYQrjgLivC7eAJRfvmD0SsXy79OJwwt72KE=
github.com/bobwong89757/protoplus v0.1.1 h1:oLS1COUKE75JJHg8L54Dx8Or9oZb5z02dzO8fd4PYXo=
github.com/bobwong89757/protoplus v0.1.1/go.mod h1:2VpE+QxjPLqJvz00igrO3rUM99RLq/eoyJbH2X/vxIU=
github.com/davecgh/go-spew v1.1.0/go.mod h1:J7Y8YcW2NihsgmVo/mv3lAwl/skON4iLHjSsI+c5H38=
github.com/go-sql-driver/mysql v1.5.0/go.mod h1:DCzpHaOWr8IXmIStZouvnhqoel9Qv2LBy8hT2VhHyBg=
github.com/gogo/protobuf v1.3.1/go.mod h1:SlYgWuQ5SjCEi6WLHjHCa1yvBfUnHcTbrrZtXPKa29o=
github.com/golang/protobuf v1.3.5/go.mod h1:6O5/vntMXwX2lRkT1hjjk0nAC1IDOTvTlVgjlRvqsdk=
github.com/gorilla/websocket v1.4.2/go.mod h1:YR8l580nyteQvAITg2hZ9XVh4b55+EU/adAjf1fMHhE=
github.com/kisielk/errcheck v1.2.0/go.mod h1:/BMXB+zMLi60iA8Vv6Ksmxu/1UDYcXs4uQLJ+jE2L00=
github.com/kisielk/gotool v1.0.0/go.mod h1:XhKaO+MFFWcvkIS/tQcRk01m1F5IRFswLeQ+oQHNcck=
github.com/mediocregopher/radix.v2 v0.0.0-20181115013041-b67df6e626f9/go.mod h1:fLRUbhbSd5Px2yKUaGYYPltlyxi1guJz1vCmo1RQL50=
github.com/pmezard/go-difflib v1.0.0/go.mod h1:iKH77koFhYxTK1pcRnkKkqfTogsbg7gZNVY4sRDYZ/4=
github.com/stretchr/objx v0.1.0/go.mod h1:HFkY916IF+rwdDfMAkV7OtwuqBVzrE8GR6GFx+wExME=
github.com/stretchr/testify v1.5.1/go.mod h1:5W2xD1RspED5o8YsWQXVCued0rvSQ+mT+I5cxcmMvtA=
golang.org/x/tools v0.0.0-20181030221726-6c7e314b6563/go.mod h1:n7NCudcB/nEzxVGmLbDWY5pfWTLqBcC2KZ6jyYvM4mQ=
gopkg.in/check.v1 v0.0.0-20161208181325-20d25e280405/go.mod h1:Co6ibVJAznAaIkqp8huTwlJQCZ016jof/cbN4VW5Yz0=
gopkg.in/yaml.v2 v2.2.2/go.mod h1:hI93XBmqTisBFMUTm0b8Fm+jr3Dg1NNxqwp+5A1VGuI=
